// !$*UTF8*$!
{
	archiveVersion = 1;
	classes = {
	};
	objectVersion = 56;
	objects = {

/* Begin PBXBuildFile section */
		100000000000000000000001 /* YoruneApp.swift in Sources */ = {isa = PBXBuildFile; fileRef = 200000000000000000000001 /* YoruneApp.swift */; };
		100000000000000000000002 /* Album.swift in Sources */ = {isa = PBXBuildFile; fileRef = 200000000000000000000002 /* Album.swift */; };
		100000000000000000000003 /* ContentView.swift in Sources */ = {isa = PBXBuildFile; fileRef = 200000000000000000000003 /* ContentView.swift */; };
		100000000000000000000004 /* SidebarView.swift in Sources */ = {isa = PBXBuildFile; fileRef = 200000000000000000000004 /* SidebarView.swift */; };
		100000000000000000000005 /* AlbumGridView.swift in Sources */ = {isa = PBXBuildFile; fileRef = 200000000000000000000005 /* AlbumGridView.swift */; };
		100000000000000000000006 /* AlbumCardView.swift in Sources */ = {isa = PBXBuildFile; fileRef = 200000000000000000000006 /* AlbumCardView.swift */; };
		100000000000000000000007 /* AppModel.swift in Sources */ = {isa = PBXBuildFile; fileRef = 200000000000000000000008 /* AppModel.swift */; };
		100000000000000000000008 /* ServerConfiguration.swift in Sources */ = {isa = PBXBuildFile; fileRef = 200000000000000000000009 /* ServerConfiguration.swift */; };
		100000000000000000000009 /* ServerConfigurationStore.swift in Sources */ = {isa = PBXBuildFile; fileRef = 20000000000000000000000A /* ServerConfigurationStore.swift */; };
		10000000000000000000000A /* AlbumLibraryStore.swift in Sources */ = {isa = PBXBuildFile; fileRef = 20000000000000000000000B /* AlbumLibraryStore.swift */; };
		10000000000000000000000B /* KeychainStore.swift in Sources */ = {isa = PBXBuildFile; fileRef = 20000000000000000000000C /* KeychainStore.swift */; };
		10000000000000000000000C /* NavidromeClient.swift in Sources */ = {isa = PBXBuildFile; fileRef = 20000000000000000000000D /* NavidromeClient.swift */; };
		10000000000000000000000D /* AlbumArtworkView.swift in Sources */ = {isa = PBXBuildFile; fileRef = 20000000000000000000000E /* AlbumArtworkView.swift */; };
		10000000000000000000000E /* SettingsComponents.swift in Sources */ = {isa = PBXBuildFile; fileRef = 20000000000000000000000F /* SettingsComponents.swift */; };
		10000000000000000000000F /* ServerSettingsView.swift in Sources */ = {isa = PBXBuildFile; fileRef = 200000000000000000000010 /* ServerSettingsView.swift */; };
		100000000000000000000010 /* YoruneSettingsWindowController.swift in Sources */ = {isa = PBXBuildFile; fileRef = 200000000000000000000011 /* YoruneSettingsWindowController.swift */; };
		100000000000000000000011 /* MacAppSettingsUI in Frameworks */ = {isa = PBXBuildFile; productRef = C00000000000000000000001 /* MacAppSettingsUI */; };
		100000000000000000000012 /* Yorune.icon in Resources */ = {isa = PBXBuildFile; fileRef = 200000000000000000000013 /* Yorune.icon */; };
		100000000000000000000013 /* AppLanguage.swift in Sources */ = {isa = PBXBuildFile; fileRef = 200000000000000000000014 /* AppLanguage.swift */; };
		100000000000000000000014 /* AppAppearance.swift in Sources */ = {isa = PBXBuildFile; fileRef = 200000000000000000000015 /* AppAppearance.swift */; };
		100000000000000000000015 /* LaunchAtLogin.swift in Sources */ = {isa = PBXBuildFile; fileRef = 200000000000000000000016 /* LaunchAtLogin.swift */; };
		100000000000000000000016 /* AppSettings.swift in Sources */ = {isa = PBXBuildFile; fileRef = 200000000000000000000017 /* AppSettings.swift */; };
		100000000000000000000017 /* SettingsTab.swift in Sources */ = {isa = PBXBuildFile; fileRef = 200000000000000000000018 /* SettingsTab.swift */; };
		100000000000000000000018 /* GeneralSettingsView.swift in Sources */ = {isa = PBXBuildFile; fileRef = 200000000000000000000019 /* GeneralSettingsView.swift */; };
		100000000000000000000019 /* AppearanceSettingsView.swift in Sources */ = {isa = PBXBuildFile; fileRef = 20000000000000000000001A /* AppearanceSettingsView.swift */; };
		10000000000000000000001A /* AboutSettingsView.swift in Sources */ = {isa = PBXBuildFile; fileRef = 20000000000000000000001B /* AboutSettingsView.swift */; };
		10000000000000000000001B /* Localizable.xcstrings in Resources */ = {isa = PBXBuildFile; fileRef = 20000000000000000000001C /* Localizable.xcstrings */; };
		10000000000000000000001C /* UpdateService.swift in Sources */ = {isa = PBXBuildFile; fileRef = 20000000000000000000001D /* UpdateService.swift */; };
		D00000000000000000000001 /* Sparkle in Frameworks */ = {isa = PBXBuildFile; productRef = C00000000000000000000002 /* Sparkle */; };
/* End PBXBuildFile section */

/* Begin PBXFileReference section */
		200000000000000000000001 /* YoruneApp.swift */ = {isa = PBXFileReference; lastKnownFileType = sourcecode.swift; path = YoruneApp.swift; sourceTree = "<group>"; };
		200000000000000000000002 /* Album.swift */ = {isa = PBXFileReference; lastKnownFileType = sourcecode.swift; path = Album.swift; sourceTree = "<group>"; };
		200000000000000000000003 /* ContentView.swift */ = {isa = PBXFileReference; lastKnownFileType = sourcecode.swift; path = ContentView.swift; sourceTree = "<group>"; };
		200000000000000000000004 /* SidebarView.swift */ = {isa = PBXFileReference; lastKnownFileType = sourcecode.swift; path = SidebarView.swift; sourceTree = "<group>"; };
		200000000000000000000005 /* AlbumGridView.swift */ = {isa = PBXFileReference; lastKnownFileType = sourcecode.swift; path = AlbumGridView.swift; sourceTree = "<group>"; };
		200000000000000000000006 /* AlbumCardView.swift */ = {isa = PBXFileReference; lastKnownFileType = sourcecode.swift; path = AlbumCardView.swift; sourceTree = "<group>"; };
		200000000000000000000007 /* Yorune.app */ = {isa = PBXFileReference; explicitFileType = wrapper.application; includeInIndex = 0; path = Yorune.app; sourceTree = BUILT_PRODUCTS_DIR; };
		200000000000000000000008 /* AppModel.swift */ = {isa = PBXFileReference; lastKnownFileType = sourcecode.swift; path = AppModel.swift; sourceTree = "<group>"; };
		200000000000000000000009 /* ServerConfiguration.swift */ = {isa = PBXFileReference; lastKnownFileType = sourcecode.swift; path = ServerConfiguration.swift; sourceTree = "<group>"; };
		20000000000000000000000A /* ServerConfigurationStore.swift */ = {isa = PBXFileReference; lastKnownFileType = sourcecode.swift; path = ServerConfigurationStore.swift; sourceTree = "<group>"; };
		20000000000000000000000B /* AlbumLibraryStore.swift */ = {isa = PBXFileReference; lastKnownFileType = sourcecode.swift; path = AlbumLibraryStore.swift; sourceTree = "<group>"; };
		20000000000000000000000C /* KeychainStore.swift */ = {isa = PBXFileReference; lastKnownFileType = sourcecode.swift; path = KeychainStore.swift; sourceTree = "<group>"; };
		20000000000000000000000D /* NavidromeClient.swift */ = {isa = PBXFileReference; lastKnownFileType = sourcecode.swift; path = NavidromeClient.swift; sourceTree = "<group>"; };
		20000000000000000000000E /* AlbumArtworkView.swift */ = {isa = PBXFileReference; lastKnownFileType = sourcecode.swift; path = AlbumArtworkView.swift; sourceTree = "<group>"; };
		20000000000000000000000F /* SettingsComponents.swift */ = {isa = PBXFileReference; lastKnownFileType = sourcecode.swift; path = SettingsComponents.swift; sourceTree = "<group>"; };
		200000000000000000000010 /* ServerSettingsView.swift */ = {isa = PBXFileReference; lastKnownFileType = sourcecode.swift; path = ServerSettingsView.swift; sourceTree = "<group>"; };
		200000000000000000000011 /* YoruneSettingsWindowController.swift */ = {isa = PBXFileReference; lastKnownFileType = sourcecode.swift; path = YoruneSettingsWindowController.swift; sourceTree = "<group>"; };
		200000000000000000000012 /* Info.plist */ = {isa = PBXFileReference; lastKnownFileType = text.plist.xml; path = Info.plist; sourceTree = "<group>"; };
		200000000000000000000013 /* Yorune.icon */ = {isa = PBXFileReference; lastKnownFileType = wrapper.icon; path = Yorune.icon; sourceTree = "<group>"; };
		200000000000000000000014 /* AppLanguage.swift */ = {isa = PBXFileReference; lastKnownFileType = sourcecode.swift; path = AppLanguage.swift; sourceTree = "<group>"; };
		200000000000000000000015 /* AppAppearance.swift */ = {isa = PBXFileReference; lastKnownFileType = sourcecode.swift; path = AppAppearance.swift; sourceTree = "<group>"; };
		200000000000000000000016 /* LaunchAtLogin.swift */ = {isa = PBXFileReference; lastKnownFileType = sourcecode.swift; path = LaunchAtLogin.swift; sourceTree = "<group>"; };
		200000000000000000000017 /* AppSettings.swift */ = {isa = PBXFileReference; lastKnownFileType = sourcecode.swift; path = AppSettings.swift; sourceTree = "<group>"; };
		200000000000000000000018 /* SettingsTab.swift */ = {isa = PBXFileReference; lastKnownFileType = sourcecode.swift; path = SettingsTab.swift; sourceTree = "<group>"; };
		200000000000000000000019 /* GeneralSettingsView.swift */ = {isa = PBXFileReference; lastKnownFileType = sourcecode.swift; path = GeneralSettingsView.swift; sourceTree = "<group>"; };
		20000000000000000000001A /* AppearanceSettingsView.swift */ = {isa = PBXFileReference; lastKnownFileType = sourcecode.swift; path = AppearanceSettingsView.swift; sourceTree = "<group>"; };
		20000000000000000000001B /* AboutSettingsView.swift */ = {isa = PBXFileReference; lastKnownFileType = sourcecode.swift; path = AboutSettingsView.swift; sourceTree = "<group>"; };
		20000000000000000000001C /* Localizable.xcstrings */ = {isa = PBXFileReference; lastKnownFileType = text.json.xcstrings; path = Localizable.xcstrings; sourceTree = "<group>"; };
		20000000000000000000001D /* UpdateService.swift */ = {isa = PBXFileReference; lastKnownFileType = sourcecode.swift; path = UpdateService.swift; sourceTree = "<group>"; };
/* End PBXFileReference section */

/* Begin PBXFrameworksBuildPhase section */
		300000000000000000000001 /* Frameworks */ = {
			isa = PBXFrameworksBuildPhase;
			buildActionMask = 2147483647;
			files = (
				100000000000000000000011 /* MacAppSettingsUI in Frameworks */,
				D00000000000000000000001 /* Sparkle in Frameworks */,
			);
			runOnlyForDeploymentPostprocessing = 0;
		};
/* End PBXFrameworksBuildPhase section */

/* Begin PBXGroup section */
		400000000000000000000001 = {
			isa = PBXGroup;
			children = (
				400000000000000000000002 /* Yorune */,
				400000000000000000000006 /* Products */,
			);
			sourceTree = "<group>";
		};
		400000000000000000000002 /* Yorune */ = {
			isa = PBXGroup;
			children = (
				400000000000000000000003 /* App */,
				400000000000000000000004 /* Models */,
				400000000000000000000007 /* Stores */,
				400000000000000000000008 /* Services */,
				400000000000000000000005 /* Views */,
				40000000000000000000000B /* Resources */,
				40000000000000000000000A /* Support */,
			);
			path = Yorune;
			sourceTree = "<group>";
		};
		400000000000000000000003 /* App */ = {
			isa = PBXGroup;
			children = (
				200000000000000000000001 /* YoruneApp.swift */,
				200000000000000000000008 /* AppModel.swift */,
			);
			path = App;
			sourceTree = "<group>";
		};
		400000000000000000000004 /* Models */ = {
			isa = PBXGroup;
			children = (
				200000000000000000000002 /* Album.swift */,
				200000000000000000000009 /* ServerConfiguration.swift */,
				200000000000000000000014 /* AppLanguage.swift */,
				200000000000000000000015 /* AppAppearance.swift */,
			);
			path = Models;
			sourceTree = "<group>";
		};
		400000000000000000000005 /* Views */ = {
			isa = PBXGroup;
			children = (
				200000000000000000000003 /* ContentView.swift */,
				200000000000000000000004 /* SidebarView.swift */,
				200000000000000000000005 /* AlbumGridView.swift */,
				200000000000000000000006 /* AlbumCardView.swift */,
				20000000000000000000000E /* AlbumArtworkView.swift */,
				400000000000000000000009 /* Settings */,
			);
			path = Views;
			sourceTree = "<group>";
		};
		400000000000000000000006 /* Products */ = {
			isa = PBXGroup;
			children = (
				200000000000000000000007 /* Yorune.app */,
			);
			name = Products;
			sourceTree = "<group>";
		};
		400000000000000000000007 /* Stores */ = {
			isa = PBXGroup;
			children = (
				200000000000000000000017 /* AppSettings.swift */,
				20000000000000000000000A /* ServerConfigurationStore.swift */,
				20000000000000000000000B /* AlbumLibraryStore.swift */,
			);
			path = Stores;
			sourceTree = "<group>";
		};
		400000000000000000000008 /* Services */ = {
			isa = PBXGroup;
			children = (
				200000000000000000000016 /* LaunchAtLogin.swift */,
				20000000000000000000001D /* UpdateService.swift */,
				20000000000000000000000C /* KeychainStore.swift */,
				20000000000000000000000D /* NavidromeClient.swift */,
			);
			path = Services;
			sourceTree = "<group>";
		};
		400000000000000000000009 /* Settings */ = {
			isa = PBXGroup;
			children = (
				20000000000000000000000F /* SettingsComponents.swift */,
				200000000000000000000018 /* SettingsTab.swift */,
				200000000000000000000019 /* GeneralSettingsView.swift */,
				20000000000000000000001A /* AppearanceSettingsView.swift */,
				20000000000000000000001B /* AboutSettingsView.swift */,
				200000000000000000000010 /* ServerSettingsView.swift */,
				200000000000000000000011 /* YoruneSettingsWindowController.swift */,
			);
			path = Settings;
			sourceTree = "<group>";
		};
		40000000000000000000000A /* Support */ = {
			isa = PBXGroup;
			children = (
				200000000000000000000012 /* Info.plist */,
			);
			path = Support;
			sourceTree = "<group>";
		};
		40000000000000000000000B /* Resources */ = {
			isa = PBXGroup;
			children = (
				200000000000000000000013 /* Yorune.icon */,
				20000000000000000000001C /* Localizable.xcstrings */,
			);
			path = Resources;
			sourceTree = "<group>";
		};
/* End PBXGroup section */

/* Begin PBXNativeTarget section */
		500000000000000000000001 /* Yorune */ = {
			isa = PBXNativeTarget;
			buildConfigurationList = 900000000000000000000002 /* Build configuration list for PBXNativeTarget "Yorune" */;
			buildPhases = (
				700000000000000000000001 /* Sources */,
				300000000000000000000001 /* Frameworks */,
				800000000000000000000001 /* Resources */,
			);
			buildRules = (
			);
			dependencies = (
			);
			name = Yorune;
			packageProductDependencies = (
				C00000000000000000000001 /* MacAppSettingsUI */,
				C00000000000000000000002 /* Sparkle */,
			);
			productName = Yorune;
			productReference = 200000000000000000000007 /* Yorune.app */;
			productType = "com.apple.product-type.application";
		};
/* End PBXNativeTarget section */

/* Begin PBXProject section */
		600000000000000000000001 /* Project object */ = {
			isa = PBXProject;
			attributes = {
				BuildIndependentTargetsInParallel = 1;
				LastSwiftUpdateCheck = 1600;
				LastUpgradeCheck = 1600;
				TargetAttributes = {
					500000000000000000000001 = {
						CreatedOnToolsVersion = 16.0;
					};
				};
			};
			buildConfigurationList = 900000000000000000000001 /* Build configuration list for PBXProject "Yorune" */;
			compatibilityVersion = "Xcode 14.0";
			developmentRegion = en;
			hasScannedForEncodings = 0;
			knownRegions = (
				en,
				"zh-Hans",
				"zh-Hant",
				Base,
			);
			mainGroup = 400000000000000000000001;
			packageReferences = (
				B00000000000000000000001 /* XCRemoteSwiftPackageReference "MacAppSettingsUI" */,
				B00000000000000000000002 /* XCRemoteSwiftPackageReference "Sparkle" */,
			);
			productRefGroup = 400000000000000000000006 /* Products */;
			projectDirPath = "";
			projectRoot = "";
			targets = (
				500000000000000000000001 /* Yorune */,
			);
		};
/* End PBXProject section */

/* Begin PBXResourcesBuildPhase section */
		800000000000000000000001 /* Resources */ = {
			isa = PBXResourcesBuildPhase;
			buildActionMask = 2147483647;
			files = (
				100000000000000000000012 /* Yorune.icon in Resources */,
				10000000000000000000001B /* Localizable.xcstrings in Resources */,
			);
			runOnlyForDeploymentPostprocessing = 0;
		};
/* End PBXResourcesBuildPhase section */

/* Begin PBXSourcesBuildPhase section */
		700000000000000000000001 /* Sources */ = {
			isa = PBXSourcesBuildPhase;
			buildActionMask = 2147483647;
			files = (
				100000000000000000000001 /* YoruneApp.swift in Sources */,
				100000000000000000000002 /* Album.swift in Sources */,
				100000000000000000000003 /* ContentView.swift in Sources */,
				100000000000000000000004 /* SidebarView.swift in Sources */,
				100000000000000000000005 /* AlbumGridView.swift in Sources */,
				100000000000000000000006 /* AlbumCardView.swift in Sources */,
				100000000000000000000007 /* AppModel.swift in Sources */,
				100000000000000000000008 /* ServerConfiguration.swift in Sources */,
				100000000000000000000009 /* ServerConfigurationStore.swift in Sources */,
				10000000000000000000000A /* AlbumLibraryStore.swift in Sources */,
				10000000000000000000000B /* KeychainStore.swift in Sources */,
				10000000000000000000000C /* NavidromeClient.swift in Sources */,
				10000000000000000000000D /* AlbumArtworkView.swift in Sources */,
				10000000000000000000000E /* SettingsComponents.swift in Sources */,
				10000000000000000000000F /* ServerSettingsView.swift in Sources */,
				100000000000000000000010 /* YoruneSettingsWindowController.swift in Sources */,
				100000000000000000000013 /* AppLanguage.swift in Sources */,
				100000000000000000000014 /* AppAppearance.swift in Sources */,
				100000000000000000000015 /* LaunchAtLogin.swift in Sources */,
				100000000000000000000016 /* AppSettings.swift in Sources */,
				100000000000000000000017 /* SettingsTab.swift in Sources */,
				100000000000000000000018 /* GeneralSettingsView.swift in Sources */,
				100000000000000000000019 /* AppearanceSettingsView.swift in Sources */,
				10000000000000000000001A /* AboutSettingsView.swift in Sources */,
				10000000000000000000001C /* UpdateService.swift in Sources */,
			);
			runOnlyForDeploymentPostprocessing = 0;
		};
/* End PBXSourcesBuildPhase section */

/* Begin XCBuildConfiguration section */
		A00000000000000000000001 /* Debug */ = {
			isa = XCBuildConfiguration;
			buildSettings = {
				ALWAYS_SEARCH_USER_PATHS = NO;
				CLANG_ENABLE_MODULES = YES;
				CLANG_ENABLE_OBJC_ARC = YES;
				COPY_PHASE_STRIP = NO;
				DEBUG_INFORMATION_FORMAT = dwarf;
				ENABLE_TESTABILITY = YES;
				GCC_C_LANGUAGE_STANDARD = gnu17;
				GCC_OPTIMIZATION_LEVEL = 0;
				GCC_PREPROCESSOR_DEFINITIONS = (
					"DEBUG=1",
					"$(inherited)",
				);
				MACOSX_DEPLOYMENT_TARGET = 15.0;
				MTL_ENABLE_DEBUG_INFO = INCLUDE_SOURCE;
				ONLY_ACTIVE_ARCH = YES;
				SDKROOT = macosx;
				SWIFT_ACTIVE_COMPILATION_CONDITIONS = "DEBUG $(inherited)";
				SWIFT_OPTIMIZATION_LEVEL = "-Onone";
			};
			name = Debug;
		};
		A00000000000000000000002 /* Release */ = {
			isa = XCBuildConfiguration;
			buildSettings = {
				ALWAYS_SEARCH_USER_PATHS = NO;
				CLANG_ENABLE_MODULES = YES;
				CLANG_ENABLE_OBJC_ARC = YES;
				COPY_PHASE_STRIP = NO;
				DEBUG_INFORMATION_FORMAT = "dwarf-with-dsym";
				ENABLE_NS_ASSERTIONS = NO;
				GCC_C_LANGUAGE_STANDARD = gnu17;
				MACOSX_DEPLOYMENT_TARGET = 15.0;
				MTL_ENABLE_DEBUG_INFO = NO;
				SDKROOT = macosx;
				SWIFT_COMPILATION_MODE = wholemodule;
			};
			name = Release;
		};
		A00000000000000000000003 /* Debug */ = {
			isa = XCBuildConfiguration;
			buildSettings = {
				ASSETCATALOG_COMPILER_APPICON_NAME = Yorune;
				"CODE_SIGN_IDENTITY[sdk=macosx*]" = "Apple Development";
				CODE_SIGN_STYLE = Automatic;
				CODE_SIGN_ENTITLEMENTS = Yorune/Support/Yorune.entitlements;
				COMBINE_HIDPI_IMAGES = YES;
				CURRENT_PROJECT_VERSION = 1;
				DEVELOPMENT_TEAM = 5Q5QT76MJU;
				ENABLE_APP_SANDBOX = YES;
				ENABLE_HARDENED_RUNTIME = YES;
				ENABLE_INCOMING_NETWORK_CONNECTIONS = YES;
				ENABLE_OUTGOING_NETWORK_CONNECTIONS = YES;
				ENABLE_RESOURCE_ACCESS_AUDIO_INPUT = NO;
				ENABLE_RESOURCE_ACCESS_BLUETOOTH = NO;
				ENABLE_RESOURCE_ACCESS_CALENDARS = NO;
				ENABLE_RESOURCE_ACCESS_CAMERA = NO;
				ENABLE_RESOURCE_ACCESS_CONTACTS = NO;
				ENABLE_RESOURCE_ACCESS_LOCATION = NO;
				ENABLE_RESOURCE_ACCESS_PRINTING = NO;
				ENABLE_RESOURCE_ACCESS_USB = NO;
				GENERATE_INFOPLIST_FILE = NO;
				INFOPLIST_FILE = Yorune/Support/Info.plist;
				LD_RUNPATH_SEARCH_PATHS = (
					"$(inherited)",
					"@executable_path/../Frameworks",
				);
				MACOSX_DEPLOYMENT_TARGET = 15.0;
				MARKETING_VERSION = 0.1.0;
				PRODUCT_BUNDLE_IDENTIFIER = com.eli.Yorune;
				PRODUCT_NAME = "$(TARGET_NAME)";
				SWIFT_EMIT_LOC_STRINGS = YES;
				SWIFT_VERSION = 5.0;
			};
			name = Debug;
		};
		A00000000000000000000004 /* Release */ = {
			isa = XCBuildConfiguration;
			buildSettings = {
				ASSETCATALOG_COMPILER_APPICON_NAME = Yorune;
				"CODE_SIGN_IDENTITY[sdk=macosx*]" = "Apple Development";
				CODE_SIGN_STYLE = Automatic;
				CODE_SIGN_ENTITLEMENTS = Yorune/Support/Yorune.entitlements;
				COMBINE_HIDPI_IMAGES = YES;
				CURRENT_PROJECT_VERSION = 1;
				DEVELOPMENT_TEAM = 5Q5QT76MJU;
				ENABLE_APP_SANDBOX = YES;
				ENABLE_HARDENED_RUNTIME = YES;
				ENABLE_INCOMING_NETWORK_CONNECTIONS = YES;
				ENABLE_OUTGOING_NETWORK_CONNECTIONS = YES;
				ENABLE_RESOURCE_ACCESS_AUDIO_INPUT = NO;
				ENABLE_RESOURCE_ACCESS_BLUETOOTH = NO;
				ENABLE_RESOURCE_ACCESS_CALENDARS = NO;
				ENABLE_RESOURCE_ACCESS_CAMERA = NO;
				ENABLE_RESOURCE_ACCESS_CONTACTS = NO;
				ENABLE_RESOURCE_ACCESS_LOCATION = NO;
				ENABLE_RESOURCE_ACCESS_PRINTING = NO;
				ENABLE_RESOURCE_ACCESS_USB = NO;
				GENERATE_INFOPLIST_FILE = NO;
				INFOPLIST_FILE = Yorune/Support/Info.plist;
				LD_RUNPATH_SEARCH_PATHS = (
					"$(inherited)",
					"@executable_path/../Frameworks",
				);
				MACOSX_DEPLOYMENT_TARGET = 15.0;
				MARKETING_VERSION = 0.1.0;
				PRODUCT_BUNDLE_IDENTIFIER = com.eli.Yorune;
				PRODUCT_NAME = "$(TARGET_NAME)";
				SWIFT_EMIT_LOC_STRINGS = YES;
				SWIFT_VERSION = 5.0;
			};
			name = Release;
		};
/* End XCBuildConfiguration section */

/* Begin XCConfigurationList section */
		900000000000000000000001 /* Build configuration list for PBXProject "Yorune" */ = {
			isa = XCConfigurationList;
			buildConfigurations = (
				A00000000000000000000001 /* Debug */,
				A00000000000000000000002 /* Release */,
			);
			defaultConfigurationIsVisible = 0;
			defaultConfigurationName = Release;
		};
		900000000000000000000002 /* Build configuration list for PBXNativeTarget "Yorune" */ = {
			isa = XCConfigurationList;
			buildConfigurations = (
				A00000000000000000000003 /* Debug */,
				A00000000000000000000004 /* Release */,
			);
			defaultConfigurationIsVisible = 0;
			defaultConfigurationName = Release;
		};
/* End XCConfigurationList section */

/* Begin XCRemoteSwiftPackageReference section */
		B00000000000000000000001 /* XCRemoteSwiftPackageReference "MacAppSettingsUI" */ = {
			isa = XCRemoteSwiftPackageReference;
			repositoryURL = "https://github.com/usagimaru/MacAppSettingsUI";
			requirement = {
				kind = upToNextMajorVersion;
				minimumVersion = 1.4.0;
			};
		};
		B00000000000000000000002 /* XCRemoteSwiftPackageReference "Sparkle" */ = {
			isa = XCRemoteSwiftPackageReference;
			repositoryURL = "https://github.com/sparkle-project/Sparkle";
			requirement = {
				kind = exactVersion;
				version = 2.9.5;
			};
		};
/* End XCRemoteSwiftPackageReference section */

/* Begin XCSwiftPackageProductDependency section */
		C00000000000000000000001 /* MacAppSettingsUI */ = {
			isa = XCSwiftPackageProductDependency;
			package = B00000000000000000000001 /* XCRemoteSwiftPackageReference "MacAppSettingsUI" */;
			productName = MacAppSettingsUI;
		};
		C00000000000000000000002 /* Sparkle */ = {
			isa = XCSwiftPackageProductDependency;
			package = B00000000000000000000002 /* XCRemoteSwiftPackageReference "Sparkle" */;
			productName = Sparkle;
		};
/* End XCSwiftPackageProductDependency section */
	};
	rootObject = 600000000000000000000001 /* Project object */;
}
